
Microsoft Visual Studio Solution File, Format Version 12.00
# Visual Studio Version 17
VisualStudioVersion = 17.14.36603.0 d17.14
MinimumVisualStudioVersion = 10.0.40219.1
Project("{FAE04EC0-301F-11D3-BF4B-00C04F79EFBC}") = "Day2_Activity5_Console", "Day2_Activity5_Console.csproj", "{4A5492BF-6585-41F6-9363-42EE1781601A}"
EndProject
Global
	GlobalSection(SolutionConfigurationPlatforms) = preSolution
		Debug|Any CPU = Debug|Any CPU
		Release|Any CPU = Release|Any CPU
	EndGlobalSection
	GlobalSection(ProjectConfigurationPlatforms) = postSolution
		{4A5492BF-6585-41F6-9363-42EE1781601A}.Debug|Any CPU.ActiveCfg = Debug|Any CPU
		{4A5492BF-6585-41F6-9363-42EE1781601A}.Debug|Any CPU.Build.0 = Debug|Any CPU
		{4A5492BF-6585-41F6-9363-42EE1781601A}.Release|Any CPU.ActiveCfg = Release|Any CPU
		{4A5492BF-6585-41F6-9363-42EE1781601A}.Release|Any CPU.Build.0 = Release|Any CPU
	EndGlobalSection
	GlobalSection(SolutionProperties) = preSolution
		HideSolutionNode = FALSE
	EndGlobalSection
	GlobalSection(ExtensibilityGlobals) = postSolution
		SolutionGuid = {6ADBBFA5-292C-4717-A3CD-F529AA630C33}
	EndGlobalSection
EndGlobal
