
Microsoft Visual Studio Solution File, Format Version 12.00
# Visual Studio Version 17
VisualStudioVersion = 17.14.36603.0 d17.14
MinimumVisualStudioVersion = 10.0.40219.1
Project("{FAE04EC0-301F-11D3-BF4B-00C04F79EFBC}") = "Day1_Activity1_Console", "Day1_Activity1_Console.csproj", "{A66F1352-A691-4CD3-A5E4-60B5E4863928}"
EndProject
Global
	GlobalSection(SolutionConfigurationPlatforms) = preSolution
		Debug|Any CPU = Debug|Any CPU
		Release|Any CPU = Release|Any CPU
	EndGlobalSection
	GlobalSection(ProjectConfigurationPlatforms) = postSolution
		{A66F1352-A691-4CD3-A5E4-60B5E4863928}.Debug|Any CPU.ActiveCfg = Debug|Any CPU
		{A66F1352-A691-4CD3-A5E4-60B5E4863928}.Debug|Any CPU.Build.0 = Debug|Any CPU
		{A66F1352-A691-4CD3-A5E4-60B5E4863928}.Release|Any CPU.ActiveCfg = Release|Any CPU
		{A66F1352-A691-4CD3-A5E4-60B5E4863928}.Release|Any CPU.Build.0 = Release|Any CPU
	EndGlobalSection
	GlobalSection(SolutionProperties) = preSolution
		HideSolutionNode = FALSE
	EndGlobalSection
	GlobalSection(ExtensibilityGlobals) = postSolution
		SolutionGuid = {9D219BE7-9C56-4847-ABA2-A3641B9497F2}
	EndGlobalSection
EndGlobal
